
Microsoft Visual Studio Solution File, Format Version 12.00
# Visual Studio Version 17
VisualStudioVersion = 17.7.34031.279
MinimumVisualStudioVersion = 10.0.40219.1
Project("{FAE04EC0-301F-11D3-BF4B-00C04F79EFBC}") = "SysLojaInfo", "SysLojaInfo\SysLojaInfo.csproj", "{C578772E-EC85-4C45-AD09-8A3D1C3E40B0}"
EndProject
Global
	GlobalSection(SolutionConfigurationPlatforms) = preSolution
		Debug|Any CPU = Debug|Any CPU
		Release|Any CPU = Release|Any CPU
	EndGlobalSection
	GlobalSection(ProjectConfigurationPlatforms) = postSolution
		{C578772E-EC85-4C45-AD09-8A3D1C3E40B0}.Debug|Any CPU.ActiveCfg = Debug|Any CPU
		{C578772E-EC85-4C45-AD09-8A3D1C3E40B0}.Debug|Any CPU.Build.0 = Debug|Any CPU
		{C578772E-EC85-4C45-AD09-8A3D1C3E40B0}.Release|Any CPU.ActiveCfg = Release|Any CPU
		{C578772E-EC85-4C45-AD09-8A3D1C3E40B0}.Release|Any CPU.Build.0 = Release|Any CPU
	EndGlobalSection
	GlobalSection(SolutionProperties) = preSolution
		HideSolutionNode = FALSE
	EndGlobalSection
	GlobalSection(ExtensibilityGlobals) = postSolution
		SolutionGuid = {6FE510A9-F265-4DEF-B718-93969321273B}
	EndGlobalSection
EndGlobal
